
Microsoft Visual Studio Solution File, Format Version 12.00
# Visual Studio Version 16
VisualStudioVersion = 16.0.29230.47
MinimumVisualStudioVersion = 10.0.40219.1
Project("{FAE04EC0-301F-11D3-BF4B-00C04F79EFBC}") = "Fibonacci Series", "Fibonacci Series\Fibonacci Series.csproj", "{688B43E5-CC8C-4DCF-8CD8-AED4DF486258}"
EndProject
Global
	GlobalSection(SolutionConfigurationPlatforms) = preSolution
		Debug|Any CPU = Debug|Any CPU
		Release|Any CPU = Release|Any CPU
	EndGlobalSection
	GlobalSection(ProjectConfigurationPlatforms) = postSolution
		{688B43E5-CC8C-4DCF-8CD8-AED4DF486258}.Debug|Any CPU.ActiveCfg = Debug|Any CPU
		{688B43E5-CC8C-4DCF-8CD8-AED4DF486258}.Debug|Any CPU.Build.0 = Debug|Any CPU
		{688B43E5-CC8C-4DCF-8CD8-AED4DF486258}.Release|Any CPU.ActiveCfg = Release|Any CPU
		{688B43E5-CC8C-4DCF-8CD8-AED4DF486258}.Release|Any CPU.Build.0 = Release|Any CPU
	EndGlobalSection
	GlobalSection(SolutionProperties) = preSolution
		HideSolutionNode = FALSE
	EndGlobalSection
	GlobalSection(ExtensibilityGlobals) = postSolution
		SolutionGuid = {A570DDD0-5E0C-4D55-9A2D-B268983771FB}
	EndGlobalSection
EndGlobal
